
Microsoft Visual Studio Solution File, Format Version 12.00
# Visual Studio Version 17
VisualStudioVersion = 17.11.35327.3
MinimumVisualStudioVersion = 10.0.40219.1
Project("{9A19103F-16F7-4668-BE54-9A1E7A4F7556}") = "sorty kolos2", "sorty kolos2.csproj", "{373C00DC-9282-4E72-9F30-A0C76D9C0443}"
EndProject
Global
	GlobalSection(SolutionConfigurationPlatforms) = preSolution
		Debug|Any CPU = Debug|Any CPU
		Release|Any CPU = Release|Any CPU
	EndGlobalSection
	GlobalSection(ProjectConfigurationPlatforms) = postSolution
		{373C00DC-9282-4E72-9F30-A0C76D9C0443}.Debug|Any CPU.ActiveCfg = Debug|Any CPU
		{373C00DC-9282-4E72-9F30-A0C76D9C0443}.Debug|Any CPU.Build.0 = Debug|Any CPU
		{373C00DC-9282-4E72-9F30-A0C76D9C0443}.Release|Any CPU.ActiveCfg = Release|Any CPU
		{373C00DC-9282-4E72-9F30-A0C76D9C0443}.Release|Any CPU.Build.0 = Release|Any CPU
	EndGlobalSection
	GlobalSection(SolutionProperties) = preSolution
		HideSolutionNode = FALSE
	EndGlobalSection
	GlobalSection(ExtensibilityGlobals) = postSolution
		SolutionGuid = {3084519C-4D17-4E57-BA50-B7C0CF38F832}
	EndGlobalSection
EndGlobal
