
Microsoft Visual Studio Solution File, Format Version 12.00
# Visual Studio Version 17
VisualStudioVersion = 17.11.35312.102
MinimumVisualStudioVersion = 10.0.40219.1
Project("{FAE04EC0-301F-11D3-BF4B-00C04F79EFBC}") = "listy", "listy\listy.csproj", "{45ECC694-1D6F-4B2C-9156-A22CC578362A}"
EndProject
Global
	GlobalSection(SolutionConfigurationPlatforms) = preSolution
		Debug|Any CPU = Debug|Any CPU
		Release|Any CPU = Release|Any CPU
	EndGlobalSection
	GlobalSection(ProjectConfigurationPlatforms) = postSolution
		{45ECC694-1D6F-4B2C-9156-A22CC578362A}.Debug|Any CPU.ActiveCfg = Debug|Any CPU
		{45ECC694-1D6F-4B2C-9156-A22CC578362A}.Debug|Any CPU.Build.0 = Debug|Any CPU
		{45ECC694-1D6F-4B2C-9156-A22CC578362A}.Release|Any CPU.ActiveCfg = Release|Any CPU
		{45ECC694-1D6F-4B2C-9156-A22CC578362A}.Release|Any CPU.Build.0 = Release|Any CPU
	EndGlobalSection
	GlobalSection(SolutionProperties) = preSolution
		HideSolutionNode = FALSE
	EndGlobalSection
	GlobalSection(ExtensibilityGlobals) = postSolution
		SolutionGuid = {FB5B7711-C7C1-4067-90A6-824A3B8FDA27}
	EndGlobalSection
EndGlobal
