
Microsoft Visual Studio Solution File, Format Version 12.00
# Visual Studio Version 17
VisualStudioVersion = 17.3.32922.545
MinimumVisualStudioVersion = 10.0.40219.1
Project("{FAE04EC0-301F-11D3-BF4B-00C04F79EFBC}") = "lab2", "lab2.csproj", "{5AD80EB5-9841-4D2D-B7A1-F70BE77AEBC1}"
EndProject
Global
	GlobalSection(SolutionConfigurationPlatforms) = preSolution
		Debug|Any CPU = Debug|Any CPU
		Release|Any CPU = Release|Any CPU
	EndGlobalSection
	GlobalSection(ProjectConfigurationPlatforms) = postSolution
		{5AD80EB5-9841-4D2D-B7A1-F70BE77AEBC1}.Debug|Any CPU.ActiveCfg = Debug|Any CPU
		{5AD80EB5-9841-4D2D-B7A1-F70BE77AEBC1}.Debug|Any CPU.Build.0 = Debug|Any CPU
		{5AD80EB5-9841-4D2D-B7A1-F70BE77AEBC1}.Release|Any CPU.ActiveCfg = Release|Any CPU
		{5AD80EB5-9841-4D2D-B7A1-F70BE77AEBC1}.Release|Any CPU.Build.0 = Release|Any CPU
	EndGlobalSection
	GlobalSection(SolutionProperties) = preSolution
		HideSolutionNode = FALSE
	EndGlobalSection
	GlobalSection(ExtensibilityGlobals) = postSolution
		SolutionGuid = {D60D3FB3-8217-4B79-82D9-477B3DC4CC11}
	EndGlobalSection
EndGlobal
